
Microsoft Visual Studio Solution File, Format Version 12.00
# Visual Studio Version 17
VisualStudioVersion = 17.8.34525.116
MinimumVisualStudioVersion = 10.0.40219.1
Project("{FAE04EC0-301F-11D3-BF4B-00C04F79EFBC}") = "WebAPI", "WebAPI\WebAPI.csproj", "{7F1BB0D7-761B-4DDF-AF66-1CA8A040631B}"
EndProject
Project("{FAE04EC0-301F-11D3-BF4B-00C04F79EFBC}") = "Persistance", "Persistance\Persistance.csproj", "{77CBCC98-31BC-4D5F-BA13-1FC9A2C64AB5}"
EndProject
Project("{FAE04EC0-301F-11D3-BF4B-00C04F79EFBC}") = "Domain", "Domain\Domain.csproj", "{57F7ED4E-0C75-4C79-BC99-0C356E469162}"
EndProject
Project("{FAE04EC0-301F-11D3-BF4B-00C04F79EFBC}") = "Application", "Application\Application.csproj", "{68D6C310-5572-40E9-9469-534DB0041D82}"
EndProject
Project("{FAE04EC0-301F-11D3-BF4B-00C04F79EFBC}") = "Infrastructure", "Infrastructure\Infrastructure.csproj", "{736112FD-8354-441F-A6C6-4CDC6893FC7B}"
EndProject
Global
	GlobalSection(SolutionConfigurationPlatforms) = preSolution
		Debug|Any CPU = Debug|Any CPU
		Release|Any CPU = Release|Any CPU
	EndGlobalSection
	GlobalSection(ProjectConfigurationPlatforms) = postSolution
		{7F1BB0D7-761B-4DDF-AF66-1CA8A040631B}.Debug|Any CPU.ActiveCfg = Debug|Any CPU
		{7F1BB0D7-761B-4DDF-AF66-1CA8A040631B}.Debug|Any CPU.Build.0 = Debug|Any CPU
		{7F1BB0D7-761B-4DDF-AF66-1CA8A040631B}.Release|Any CPU.ActiveCfg = Release|Any CPU
		{7F1BB0D7-761B-4DDF-AF66-1CA8A040631B}.Release|Any CPU.Build.0 = Release|Any CPU
		{77CBCC98-31BC-4D5F-BA13-1FC9A2C64AB5}.Debug|Any CPU.ActiveCfg = Debug|Any CPU
		{77CBCC98-31BC-4D5F-BA13-1FC9A2C64AB5}.Debug|Any CPU.Build.0 = Debug|Any CPU
		{77CBCC98-31BC-4D5F-BA13-1FC9A2C64AB5}.Release|Any CPU.ActiveCfg = Release|Any CPU
		{77CBCC98-31BC-4D5F-BA13-1FC9A2C64AB5}.Release|Any CPU.Build.0 = Release|Any CPU
		{57F7ED4E-0C75-4C79-BC99-0C356E469162}.Debug|Any CPU.ActiveCfg = Debug|Any CPU
		{57F7ED4E-0C75-4C79-BC99-0C356E469162}.Debug|Any CPU.Build.0 = Debug|Any CPU
		{57F7ED4E-0C75-4C79-BC99-0C356E469162}.Release|Any CPU.ActiveCfg = Release|Any CPU
		{57F7ED4E-0C75-4C79-BC99-0C356E469162}.Release|Any CPU.Build.0 = Release|Any CPU
		{68D6C310-5572-40E9-9469-534DB0041D82}.Debug|Any CPU.ActiveCfg = Debug|Any CPU
		{68D6C310-5572-40E9-9469-534DB0041D82}.Debug|Any CPU.Build.0 = Debug|Any CPU
		{68D6C310-5572-40E9-9469-534DB0041D82}.Release|Any CPU.ActiveCfg = Release|Any CPU
		{68D6C310-5572-40E9-9469-534DB0041D82}.Release|Any CPU.Build.0 = Release|Any CPU
		{736112FD-8354-441F-A6C6-4CDC6893FC7B}.Debug|Any CPU.ActiveCfg = Debug|Any CPU
		{736112FD-8354-441F-A6C6-4CDC6893FC7B}.Debug|Any CPU.Build.0 = Debug|Any CPU
		{736112FD-8354-441F-A6C6-4CDC6893FC7B}.Release|Any CPU.ActiveCfg = Release|Any CPU
		{736112FD-8354-441F-A6C6-4CDC6893FC7B}.Release|Any CPU.Build.0 = Release|Any CPU
	EndGlobalSection
	GlobalSection(SolutionProperties) = preSolution
		HideSolutionNode = FALSE
	EndGlobalSection
	GlobalSection(ExtensibilityGlobals) = postSolution
		SolutionGuid = {B27857A9-7B4A-471F-8549-2FEA2A6B97F6}
	EndGlobalSection
EndGlobal
